
Microsoft Visual Studio Solution File, Format Version 12.00
# Visual Studio Version 17
VisualStudioVersion = 17.14.36017.23
MinimumVisualStudioVersion = 10.0.40219.1
Project("{9A19103F-16F7-4668-BE54-9A1E7A4F7556}") = "TechChallengeFIAP", "TechChallengeFIAP\TechChallengeFIAP.csproj", "{B50EEE72-753F-45EE-B64F-4669FA03A126}"
EndProject
Project("{2150E333-8FDC-42A3-9474-1A3956D46DE8}") = "0 - SolutionItems", "0 - SolutionItems", "{C83346A9-AFCF-4C8E-B1B9-AB0EDA8286F4}"
	ProjectSection(SolutionItems) = preProject
		README.md = README.md
	EndProjectSection
EndProject
Project("{FAE04EC0-301F-11D3-BF4B-00C04F79EFBC}") = "TechChallengeFIAP.Domain", "TechChallengeFIAP.Domain\TechChallengeFIAP.Domain.csproj", "{E1FC0DF5-A188-4A2C-8F48-57F5AB0B1126}"
EndProject
Project("{FAE04EC0-301F-11D3-BF4B-00C04F79EFBC}") = "TechChallengeFIAP.Data", "TechChallengeFIAP.Data\TechChallengeFIAP.Data.csproj", "{E9BAE3AA-C371-4CBA-9095-23FF4C99B9C6}"
EndProject
Project("{FAE04EC0-301F-11D3-BF4B-00C04F79EFBC}") = "TechChallengeFIAP.Application", "TechChallengeFIAP.Application\TechChallengeFIAP.Application.csproj", "{3EA365AD-278A-427C-92AE-A6F2EFDEA47B}"
EndProject
Project("{2150E333-8FDC-42A3-9474-1A3956D46DE8}") = "tests", "tests", "{C8EC33E1-EC28-4A86-86B0-BF8D02CCC1E6}"
EndProject
Project("{FAE04EC0-301F-11D3-BF4B-00C04F79EFBC}") = "TechChallengeFIAP.Tests.Unit", "tests\TechChallengeFIAP.Tests.Unit\TechChallengeFIAP.Tests.Unit.csproj", "{9F5A06DD-37EE-465C-B2D3-541B0ADDF0BF}"
EndProject
Project("{FAE04EC0-301F-11D3-BF4B-00C04F79EFBC}") = "TechChallengeFIAP.Tests.Integration", "tests\TechChallengeFIAP.Tests.Integration\TechChallengeFIAP.Tests.Integration.csproj", "{0D4CB08C-71F2-4547-A59B-820EF50C6746}"
EndProject
Global
	GlobalSection(SolutionConfigurationPlatforms) = preSolution
		Debug|Any CPU = Debug|Any CPU
		Release|Any CPU = Release|Any CPU
	EndGlobalSection
	GlobalSection(ProjectConfigurationPlatforms) = postSolution
		{B50EEE72-753F-45EE-B64F-4669FA03A126}.Debug|Any CPU.ActiveCfg = Debug|Any CPU
		{B50EEE72-753F-45EE-B64F-4669FA03A126}.Debug|Any CPU.Build.0 = Debug|Any CPU
		{B50EEE72-753F-45EE-B64F-4669FA03A126}.Release|Any CPU.ActiveCfg = Release|Any CPU
		{B50EEE72-753F-45EE-B64F-4669FA03A126}.Release|Any CPU.Build.0 = Release|Any CPU
		{E1FC0DF5-A188-4A2C-8F48-57F5AB0B1126}.Debug|Any CPU.ActiveCfg = Debug|Any CPU
		{E1FC0DF5-A188-4A2C-8F48-57F5AB0B1126}.Debug|Any CPU.Build.0 = Debug|Any CPU
		{E1FC0DF5-A188-4A2C-8F48-57F5AB0B1126}.Release|Any CPU.ActiveCfg = Release|Any CPU
		{E1FC0DF5-A188-4A2C-8F48-57F5AB0B1126}.Release|Any CPU.Build.0 = Release|Any CPU
		{E9BAE3AA-C371-4CBA-9095-23FF4C99B9C6}.Debug|Any CPU.ActiveCfg = Debug|Any CPU
		{E9BAE3AA-C371-4CBA-9095-23FF4C99B9C6}.Debug|Any CPU.Build.0 = Debug|Any CPU
		{E9BAE3AA-C371-4CBA-9095-23FF4C99B9C6}.Release|Any CPU.ActiveCfg = Release|Any CPU
		{E9BAE3AA-C371-4CBA-9095-23FF4C99B9C6}.Release|Any CPU.Build.0 = Release|Any CPU
		{3EA365AD-278A-427C-92AE-A6F2EFDEA47B}.Debug|Any CPU.ActiveCfg = Debug|Any CPU
		{3EA365AD-278A-427C-92AE-A6F2EFDEA47B}.Debug|Any CPU.Build.0 = Debug|Any CPU
		{3EA365AD-278A-427C-92AE-A6F2EFDEA47B}.Release|Any CPU.ActiveCfg = Release|Any CPU
		{3EA365AD-278A-427C-92AE-A6F2EFDEA47B}.Release|Any CPU.Build.0 = Release|Any CPU
		{9F5A06DD-37EE-465C-B2D3-541B0ADDF0BF}.Debug|Any CPU.ActiveCfg = Debug|Any CPU
		{9F5A06DD-37EE-465C-B2D3-541B0ADDF0BF}.Debug|Any CPU.Build.0 = Debug|Any CPU
		{9F5A06DD-37EE-465C-B2D3-541B0ADDF0BF}.Release|Any CPU.ActiveCfg = Release|Any CPU
		{9F5A06DD-37EE-465C-B2D3-541B0ADDF0BF}.Release|Any CPU.Build.0 = Release|Any CPU
		{0D4CB08C-71F2-4547-A59B-820EF50C6746}.Debug|Any CPU.ActiveCfg = Debug|Any CPU
		{0D4CB08C-71F2-4547-A59B-820EF50C6746}.Debug|Any CPU.Build.0 = Debug|Any CPU
		{0D4CB08C-71F2-4547-A59B-820EF50C6746}.Release|Any CPU.ActiveCfg = Release|Any CPU
		{0D4CB08C-71F2-4547-A59B-820EF50C6746}.Release|Any CPU.Build.0 = Release|Any CPU
	EndGlobalSection
	GlobalSection(SolutionProperties) = preSolution
		HideSolutionNode = FALSE
	EndGlobalSection
	GlobalSection(NestedProjects) = preSolution
		{9F5A06DD-37EE-465C-B2D3-541B0ADDF0BF} = {C8EC33E1-EC28-4A86-86B0-BF8D02CCC1E6}
		{0D4CB08C-71F2-4547-A59B-820EF50C6746} = {C8EC33E1-EC28-4A86-86B0-BF8D02CCC1E6}
	EndGlobalSection
	GlobalSection(ExtensibilityGlobals) = postSolution
		SolutionGuid = {EBDD934E-A2A1-45CE-B0BF-DDE664E8F76D}
	EndGlobalSection
EndGlobal
